
Microsoft Visual Studio Solution File, Format Version 12.00
# Visual Studio Version 16
VisualStudioVersion = 16.0.31911.196
MinimumVisualStudioVersion = 10.0.40219.1
Project("{FAE04EC0-301F-11D3-BF4B-00C04F79EFBC}") = "ParkAPI", "ParkAPI\ParkAPI.csproj", "{CC1B3477-9923-4679-8363-36A148BF0544}"
EndProject
Global
	GlobalSection(SolutionConfigurationPlatforms) = preSolution
		Debug|Any CPU = Debug|Any CPU
		Release|Any CPU = Release|Any CPU
	EndGlobalSection
	GlobalSection(ProjectConfigurationPlatforms) = postSolution
		{CC1B3477-9923-4679-8363-36A148BF0544}.Debug|Any CPU.ActiveCfg = Debug|Any CPU
		{CC1B3477-9923-4679-8363-36A148BF0544}.Debug|Any CPU.Build.0 = Debug|Any CPU
		{CC1B3477-9923-4679-8363-36A148BF0544}.Release|Any CPU.ActiveCfg = Release|Any CPU
		{CC1B3477-9923-4679-8363-36A148BF0544}.Release|Any CPU.Build.0 = Release|Any CPU
	EndGlobalSection
	GlobalSection(SolutionProperties) = preSolution
		HideSolutionNode = FALSE
	EndGlobalSection
	GlobalSection(ExtensibilityGlobals) = postSolution
		SolutionGuid = {767C16FB-9E8A-4C0E-870A-BC40281C6EB5}
	EndGlobalSection
EndGlobal
